
Microsoft Visual Studio Solution File, Format Version 12.00
# Visual Studio Version 16
VisualStudioVersion = 16.0.29409.12
MinimumVisualStudioVersion = 10.0.40219.1
Project("{9A19103F-16F7-4668-BE54-9A1E7A4F7556}") = "SouthwestLambda", "SouthwestLambda\SouthwestLambda.csproj", "{B5EE5EFD-0D52-4129-A5F9-F79384754F08}"
EndProject
Global
	GlobalSection(SolutionConfigurationPlatforms) = preSolution
		Debug|Any CPU = Debug|Any CPU
		Release|Any CPU = Release|Any CPU
	EndGlobalSection
	GlobalSection(ProjectConfigurationPlatforms) = postSolution
		{B5EE5EFD-0D52-4129-A5F9-F79384754F08}.Debug|Any CPU.ActiveCfg = Debug|Any CPU
		{B5EE5EFD-0D52-4129-A5F9-F79384754F08}.Debug|Any CPU.Build.0 = Debug|Any CPU
		{B5EE5EFD-0D52-4129-A5F9-F79384754F08}.Release|Any CPU.ActiveCfg = Release|Any CPU
		{B5EE5EFD-0D52-4129-A5F9-F79384754F08}.Release|Any CPU.Build.0 = Release|Any CPU
	EndGlobalSection
	GlobalSection(SolutionProperties) = preSolution
		HideSolutionNode = FALSE
	EndGlobalSection
	GlobalSection(ExtensibilityGlobals) = postSolution
		SolutionGuid = {6C75E55C-94FB-47F9-A634-004E25589A9E}
	EndGlobalSection
EndGlobal
